
Microsoft Visual Studio Solution File, Format Version 12.00
# Visual Studio Version 17
VisualStudioVersion = 17.9.34701.34
MinimumVisualStudioVersion = 10.0.40219.1
Project("{2150E333-8FDC-42A3-9474-1A3956D46DE8}") = "src", "src", "{4EC6A838-BD45-4E4C-A64E-D63BA48D46A3}"
EndProject
Project("{2150E333-8FDC-42A3-9474-1A3956D46DE8}") = "tests", "tests", "{5E240F9F-A590-4D9C-8002-4F1C1A5484C8}"
EndProject
Project("{9A19103F-16F7-4668-BE54-9A1E7A4F7556}") = "StreamPilot.Data", "StreamPilot.Data\StreamPilot.Data.csproj", "{A3E74F2B-852A-4A85-BD4F-86A932796223}"
EndProject
Project("{9A19103F-16F7-4668-BE54-9A1E7A4F7556}") = "StreamPilot.API", "StreamPilot.API\StreamPilot.API.csproj", "{3489FF0E-A3E7-4F0B-AB64-9B09699FE003}"
EndProject
Project("{9A19103F-16F7-4668-BE54-9A1E7A4F7556}") = "StreamPilot.UI", "StreamPilot.UI\StreamPilot.UI.csproj", "{9033AAE3-CB2E-4E37-9A24-ECEC6C230E53}"
EndProject
Project("{9A19103F-16F7-4668-BE54-9A1E7A4F7556}") = "StreamPilot.Admin", "StreamPilot.Admin\StreamPilot.Admin.csproj", "{3705B2DA-AF5C-4B9A-AA75-E222E09133B2}"
EndProject
Project("{9A19103F-16F7-4668-BE54-9A1E7A4F7556}") = "StreamPilot.Business", "StreamPilot.Business\StreamPilot.Business.csproj", "{C06D10E7-57CF-468B-BA10-C8CCDC18A3B1}"
EndProject
Project("{9A19103F-16F7-4668-BE54-9A1E7A4F7556}") = "StreamPilot.Infra", "StreamPilot.Infra\StreamPilot.Infra.csproj", "{9DC2BD04-8EEC-4A8B-AAE8-F7A0E150920B}"
EndProject
Project("{2150E333-8FDC-42A3-9474-1A3956D46DE8}") = "Solution Items", "Solution Items", "{2CB1C6DB-1FA5-41BD-8951-20DD98C25EBC}"
	ProjectSection(SolutionItems) = preProject
		.editorconfig = .editorconfig
	EndProjectSection
EndProject
Global
	GlobalSection(SolutionConfigurationPlatforms) = preSolution
		Debug|Any CPU = Debug|Any CPU
		Release|Any CPU = Release|Any CPU
	EndGlobalSection
	GlobalSection(ProjectConfigurationPlatforms) = postSolution
		{A3E74F2B-852A-4A85-BD4F-86A932796223}.Debug|Any CPU.ActiveCfg = Debug|Any CPU
		{A3E74F2B-852A-4A85-BD4F-86A932796223}.Debug|Any CPU.Build.0 = Debug|Any CPU
		{A3E74F2B-852A-4A85-BD4F-86A932796223}.Release|Any CPU.ActiveCfg = Release|Any CPU
		{A3E74F2B-852A-4A85-BD4F-86A932796223}.Release|Any CPU.Build.0 = Release|Any CPU
		{3489FF0E-A3E7-4F0B-AB64-9B09699FE003}.Debug|Any CPU.ActiveCfg = Debug|Any CPU
		{3489FF0E-A3E7-4F0B-AB64-9B09699FE003}.Debug|Any CPU.Build.0 = Debug|Any CPU
		{3489FF0E-A3E7-4F0B-AB64-9B09699FE003}.Release|Any CPU.ActiveCfg = Release|Any CPU
		{3489FF0E-A3E7-4F0B-AB64-9B09699FE003}.Release|Any CPU.Build.0 = Release|Any CPU
		{9033AAE3-CB2E-4E37-9A24-ECEC6C230E53}.Debug|Any CPU.ActiveCfg = Debug|Any CPU
		{9033AAE3-CB2E-4E37-9A24-ECEC6C230E53}.Debug|Any CPU.Build.0 = Debug|Any CPU
		{9033AAE3-CB2E-4E37-9A24-ECEC6C230E53}.Release|Any CPU.ActiveCfg = Release|Any CPU
		{9033AAE3-CB2E-4E37-9A24-ECEC6C230E53}.Release|Any CPU.Build.0 = Release|Any CPU
		{3705B2DA-AF5C-4B9A-AA75-E222E09133B2}.Debug|Any CPU.ActiveCfg = Debug|Any CPU
		{3705B2DA-AF5C-4B9A-AA75-E222E09133B2}.Debug|Any CPU.Build.0 = Debug|Any CPU
		{3705B2DA-AF5C-4B9A-AA75-E222E09133B2}.Release|Any CPU.ActiveCfg = Release|Any CPU
		{3705B2DA-AF5C-4B9A-AA75-E222E09133B2}.Release|Any CPU.Build.0 = Release|Any CPU
		{C06D10E7-57CF-468B-BA10-C8CCDC18A3B1}.Debug|Any CPU.ActiveCfg = Debug|Any CPU
		{C06D10E7-57CF-468B-BA10-C8CCDC18A3B1}.Debug|Any CPU.Build.0 = Debug|Any CPU
		{C06D10E7-57CF-468B-BA10-C8CCDC18A3B1}.Release|Any CPU.ActiveCfg = Release|Any CPU
		{C06D10E7-57CF-468B-BA10-C8CCDC18A3B1}.Release|Any CPU.Build.0 = Release|Any CPU
		{9DC2BD04-8EEC-4A8B-AAE8-F7A0E150920B}.Debug|Any CPU.ActiveCfg = Debug|Any CPU
		{9DC2BD04-8EEC-4A8B-AAE8-F7A0E150920B}.Debug|Any CPU.Build.0 = Debug|Any CPU
		{9DC2BD04-8EEC-4A8B-AAE8-F7A0E150920B}.Release|Any CPU.ActiveCfg = Release|Any CPU
		{9DC2BD04-8EEC-4A8B-AAE8-F7A0E150920B}.Release|Any CPU.Build.0 = Release|Any CPU
	EndGlobalSection
	GlobalSection(SolutionProperties) = preSolution
		HideSolutionNode = FALSE
	EndGlobalSection
	GlobalSection(NestedProjects) = preSolution
		{A3E74F2B-852A-4A85-BD4F-86A932796223} = {4EC6A838-BD45-4E4C-A64E-D63BA48D46A3}
		{3489FF0E-A3E7-4F0B-AB64-9B09699FE003} = {4EC6A838-BD45-4E4C-A64E-D63BA48D46A3}
		{9033AAE3-CB2E-4E37-9A24-ECEC6C230E53} = {4EC6A838-BD45-4E4C-A64E-D63BA48D46A3}
		{3705B2DA-AF5C-4B9A-AA75-E222E09133B2} = {4EC6A838-BD45-4E4C-A64E-D63BA48D46A3}
		{C06D10E7-57CF-468B-BA10-C8CCDC18A3B1} = {4EC6A838-BD45-4E4C-A64E-D63BA48D46A3}
		{9DC2BD04-8EEC-4A8B-AAE8-F7A0E150920B} = {4EC6A838-BD45-4E4C-A64E-D63BA48D46A3}
	EndGlobalSection
EndGlobal
